// !$*UTF8*$!
{
	archiveVersion = 1;
	classes = {
	};
	objectVersion = 50;
	objects = {

/* Begin PBXBuildFile section */
		F328E0D4252E0E6C002F3D42 /* ProfileViewController.swift in Sources */ = {isa = PBXBuildFile; fileRef = F328E0D3252E0E6C002F3D42 /* ProfileViewController.swift */; };
		F328E0D6252E0E82002F3D42 /* ProfilePresenter.swift in Sources */ = {isa = PBXBuildFile; fileRef = F328E0D5252E0E82002F3D42 /* ProfilePresenter.swift */; };
		F328E0D8252E0E93002F3D42 /* ProfileViewIO.swift in Sources */ = {isa = PBXBuildFile; fileRef = F328E0D7252E0E93002F3D42 /* ProfileViewIO.swift */; };
		F3392F692529821E0005ECDF /* AppDelegate.swift in Sources */ = {isa = PBXBuildFile; fileRef = F3392F682529821E0005ECDF /* AppDelegate.swift */; };
		F3392F6B2529821E0005ECDF /* SceneDelegate.swift in Sources */ = {isa = PBXBuildFile; fileRef = F3392F6A2529821E0005ECDF /* SceneDelegate.swift */; };
		F3392F702529821E0005ECDF /* Main.storyboard in Resources */ = {isa = PBXBuildFile; fileRef = F3392F6E2529821E0005ECDF /* Main.storyboard */; };
		F3392F732529821E0005ECDF /* NeuroDegenerativeCognitiveAssessment.xcdatamodeld in Sources */ = {isa = PBXBuildFile; fileRef = F3392F712529821E0005ECDF /* NeuroDegenerativeCognitiveAssessment.xcdatamodeld */; };
		F3392F75252982230005ECDF /* Assets.xcassets in Resources */ = {isa = PBXBuildFile; fileRef = F3392F74252982230005ECDF /* Assets.xcassets */; };
		F3392F78252982230005ECDF /* LaunchScreen.storyboard in Resources */ = {isa = PBXBuildFile; fileRef = F3392F76252982230005ECDF /* LaunchScreen.storyboard */; };
		F3392F802529991A0005ECDF /* EntryViewController.swift in Sources */ = {isa = PBXBuildFile; fileRef = F3392F7F2529991A0005ECDF /* EntryViewController.swift */; };
		F3392F8225299AAB0005ECDF /* EntryPresenter.swift in Sources */ = {isa = PBXBuildFile; fileRef = F3392F8125299AAB0005ECDF /* EntryPresenter.swift */; };
		F3392F8425299ABB0005ECDF /* EntryViewIO.swift in Sources */ = {isa = PBXBuildFile; fileRef = F3392F8325299ABB0005ECDF /* EntryViewIO.swift */; };
		F3392F8725299F610005ECDF /* SystemError.swift in Sources */ = {isa = PBXBuildFile; fileRef = F3392F8625299F610005ECDF /* SystemError.swift */; };
		F3392F8B2529A1F70005ECDF /* User.swift in Sources */ = {isa = PBXBuildFile; fileRef = F3392F8A2529A1F70005ECDF /* User.swift */; };
		F3392F8F2529A8630005ECDF /* Profile.storyboard in Resources */ = {isa = PBXBuildFile; fileRef = F3392F8E2529A8630005ECDF /* Profile.storyboard */; };
		F34A9127252DD7F000FE71DB /* History.storyboard in Resources */ = {isa = PBXBuildFile; fileRef = F34A9126252DD7F000FE71DB /* History.storyboard */; };
		F34A9129252DD8C800FE71DB /* Home.storyboard in Resources */ = {isa = PBXBuildFile; fileRef = F34A9128252DD8C800FE71DB /* Home.storyboard */; };
		F34A912B252DD90C00FE71DB /* Export.storyboard in Resources */ = {isa = PBXBuildFile; fileRef = F34A912A252DD90C00FE71DB /* Export.storyboard */; };
		F34A912D252DD91A00FE71DB /* Information.storyboard in Resources */ = {isa = PBXBuildFile; fileRef = F34A912C252DD91A00FE71DB /* Information.storyboard */; };
/* End PBXBuildFile section */

/* Begin PBXFileReference section */
		F328E0D3252E0E6C002F3D42 /* ProfileViewController.swift */ = {isa = PBXFileReference; lastKnownFileType = sourcecode.swift; path = ProfileViewController.swift; sourceTree = "<group>"; };
		F328E0D5252E0E82002F3D42 /* ProfilePresenter.swift */ = {isa = PBXFileReference; lastKnownFileType = sourcecode.swift; path = ProfilePresenter.swift; sourceTree = "<group>"; };
		F328E0D7252E0E93002F3D42 /* ProfileViewIO.swift */ = {isa = PBXFileReference; lastKnownFileType = sourcecode.swift; path = ProfileViewIO.swift; sourceTree = "<group>"; };
		F3392F652529821E0005ECDF /* NeuroDegenerativeCognitiveAssessment.app */ = {isa = PBXFileReference; explicitFileType = wrapper.application; includeInIndex = 0; path = NeuroDegenerativeCognitiveAssessment.app; sourceTree = BUILT_PRODUCTS_DIR; };
		F3392F682529821E0005ECDF /* AppDelegate.swift */ = {isa = PBXFileReference; lastKnownFileType = sourcecode.swift; path = AppDelegate.swift; sourceTree = "<group>"; };
		F3392F6A2529821E0005ECDF /* SceneDelegate.swift */ = {isa = PBXFileReference; lastKnownFileType = sourcecode.swift; path = SceneDelegate.swift; sourceTree = "<group>"; };
		F3392F6F2529821E0005ECDF /* Base */ = {isa = PBXFileReference; lastKnownFileType = file.storyboard; name = Base; path = Base.lproj/Main.storyboard; sourceTree = "<group>"; };
		F3392F722529821E0005ECDF /* NeuroDegenerativeCognitiveAssessment.xcdatamodel */ = {isa = PBXFileReference; lastKnownFileType = wrapper.xcdatamodel; path = NeuroDegenerativeCognitiveAssessment.xcdatamodel; sourceTree = "<group>"; };
		F3392F74252982230005ECDF /* Assets.xcassets */ = {isa = PBXFileReference; lastKnownFileType = folder.assetcatalog; path = Assets.xcassets; sourceTree = "<group>"; };
		F3392F77252982230005ECDF /* Base */ = {isa = PBXFileReference; lastKnownFileType = file.storyboard; name = Base; path = Base.lproj/LaunchScreen.storyboard; sourceTree = "<group>"; };
		F3392F79252982230005ECDF /* Info.plist */ = {isa = PBXFileReference; lastKnownFileType = text.plist.xml; path = Info.plist; sourceTree = "<group>"; };
		F3392F7F2529991A0005ECDF /* EntryViewController.swift */ = {isa = PBXFileReference; lastKnownFileType = sourcecode.swift; path = EntryViewController.swift; sourceTree = "<group>"; };
		F3392F8125299AAB0005ECDF /* EntryPresenter.swift */ = {isa = PBXFileReference; lastKnownFileType = sourcecode.swift; path = EntryPresenter.swift; sourceTree = "<group>"; };
		F3392F8325299ABB0005ECDF /* EntryViewIO.swift */ = {isa = PBXFileReference; lastKnownFileType = sourcecode.swift; path = EntryViewIO.swift; sourceTree = "<group>"; };
		F3392F8625299F610005ECDF /* SystemError.swift */ = {isa = PBXFileReference; lastKnownFileType = sourcecode.swift; path = SystemError.swift; sourceTree = "<group>"; };
		F3392F8A2529A1F70005ECDF /* User.swift */ = {isa = PBXFileReference; lastKnownFileType = sourcecode.swift; path = User.swift; sourceTree = "<group>"; };
		F3392F8E2529A8630005ECDF /* Profile.storyboard */ = {isa = PBXFileReference; lastKnownFileType = file.storyboard; path = Profile.storyboard; sourceTree = "<group>"; };
		F34A9126252DD7F000FE71DB /* History.storyboard */ = {isa = PBXFileReference; lastKnownFileType = file.storyboard; path = History.storyboard; sourceTree = "<group>"; };
		F34A9128252DD8C800FE71DB /* Home.storyboard */ = {isa = PBXFileReference; lastKnownFileType = file.storyboard; path = Home.storyboard; sourceTree = "<group>"; };
		F34A912A252DD90C00FE71DB /* Export.storyboard */ = {isa = PBXFileReference; lastKnownFileType = file.storyboard; path = Export.storyboard; sourceTree = "<group>"; };
		F34A912C252DD91A00FE71DB /* Information.storyboard */ = {isa = PBXFileReference; lastKnownFileType = file.storyboard; path = Information.storyboard; sourceTree = "<group>"; };
/* End PBXFileReference section */

/* Begin PBXFrameworksBuildPhase section */
		F3392F622529821E0005ECDF /* Frameworks */ = {
			isa = PBXFrameworksBuildPhase;
			buildActionMask = 2147483647;
			files = (
			);
			runOnlyForDeploymentPostprocessing = 0;
		};
/* End PBXFrameworksBuildPhase section */

/* Begin PBXGroup section */
		F328E0D2252E0D2B002F3D42 /* Profile */ = {
			isa = PBXGroup;
			children = (
				F328E0D3252E0E6C002F3D42 /* ProfileViewController.swift */,
				F328E0D5252E0E82002F3D42 /* ProfilePresenter.swift */,
				F328E0D7252E0E93002F3D42 /* ProfileViewIO.swift */,
			);
			path = Profile;
			sourceTree = "<group>";
		};
		F328E0D9252E2F20002F3D42 /* Controllers */ = {
			isa = PBXGroup;
			children = (
				F3392F8525299AC20005ECDF /* Input */,
				F328E0D2252E0D2B002F3D42 /* Profile */,
			);
			path = Controllers;
			sourceTree = "<group>";
		};
		F328E0DA252E2F36002F3D42 /* Views */ = {
			isa = PBXGroup;
			children = (
			);
			path = Views;
			sourceTree = "<group>";
		};
		F3392F5C2529821E0005ECDF = {
			isa = PBXGroup;
			children = (
				F3392F672529821E0005ECDF /* NeuroDegenerativeCognitiveAssessment */,
				F3392F662529821E0005ECDF /* Products */,
			);
			sourceTree = "<group>";
		};
		F3392F662529821E0005ECDF /* Products */ = {
			isa = PBXGroup;
			children = (
				F3392F652529821E0005ECDF /* NeuroDegenerativeCognitiveAssessment.app */,
			);
			name = Products;
			sourceTree = "<group>";
		};
		F3392F672529821E0005ECDF /* NeuroDegenerativeCognitiveAssessment */ = {
			isa = PBXGroup;
			children = (
				F328E0DA252E2F36002F3D42 /* Views */,
				F328E0D9252E2F20002F3D42 /* Controllers */,
				F3392F682529821E0005ECDF /* AppDelegate.swift */,
				F3392F6A2529821E0005ECDF /* SceneDelegate.swift */,
				F3392F8C2529A7B50005ECDF /* Storyboards */,
				F3392F74252982230005ECDF /* Assets.xcassets */,
				F3392F79252982230005ECDF /* Info.plist */,
				F3392F712529821E0005ECDF /* NeuroDegenerativeCognitiveAssessment.xcdatamodeld */,
				F3392F8625299F610005ECDF /* SystemError.swift */,
				F3392F8A2529A1F70005ECDF /* User.swift */,
			);
			path = NeuroDegenerativeCognitiveAssessment;
			sourceTree = "<group>";
		};
		F3392F8525299AC20005ECDF /* Input */ = {
			isa = PBXGroup;
			children = (
				F3392F7F2529991A0005ECDF /* EntryViewController.swift */,
				F3392F8125299AAB0005ECDF /* EntryPresenter.swift */,
				F3392F8325299ABB0005ECDF /* EntryViewIO.swift */,
			);
			path = Input;
			sourceTree = "<group>";
		};
		F3392F8C2529A7B50005ECDF /* Storyboards */ = {
			isa = PBXGroup;
			children = (
				F3392F76252982230005ECDF /* LaunchScreen.storyboard */,
				F3392F6E2529821E0005ECDF /* Main.storyboard */,
				F3392F8E2529A8630005ECDF /* Profile.storyboard */,
				F34A9126252DD7F000FE71DB /* History.storyboard */,
				F34A9128252DD8C800FE71DB /* Home.storyboard */,
				F34A912A252DD90C00FE71DB /* Export.storyboard */,
				F34A912C252DD91A00FE71DB /* Information.storyboard */,
			);
			path = Storyboards;
			sourceTree = "<group>";
		};
/* End PBXGroup section */

/* Begin PBXNativeTarget section */
		F3392F642529821E0005ECDF /* NeuroDegenerativeCognitiveAssessment */ = {
			isa = PBXNativeTarget;
			buildConfigurationList = F3392F7C252982230005ECDF /* Build configuration list for PBXNativeTarget "NeuroDegenerativeCognitiveAssessment" */;
			buildPhases = (
				F3392F612529821E0005ECDF /* Sources */,
				F3392F622529821E0005ECDF /* Frameworks */,
				F3392F632529821E0005ECDF /* Resources */,
			);
			buildRules = (
			);
			dependencies = (
			);
			name = NeuroDegenerativeCognitiveAssessment;
			productName = NeuroDegenerativeCognitiveAssessment;
			productReference = F3392F652529821E0005ECDF /* NeuroDegenerativeCognitiveAssessment.app */;
			productType = "com.apple.product-type.application";
		};
/* End PBXNativeTarget section */

/* Begin PBXProject section */
		F3392F5D2529821E0005ECDF /* Project object */ = {
			isa = PBXProject;
			attributes = {
				LastSwiftUpdateCheck = 1130;
				LastUpgradeCheck = 1130;
				ORGANIZATIONNAME = "Милена";
				TargetAttributes = {
					F3392F642529821E0005ECDF = {
						CreatedOnToolsVersion = 11.3.1;
					};
				};
			};
			buildConfigurationList = F3392F602529821E0005ECDF /* Build configuration list for PBXProject "NeuroDegenerativeCognitiveAssessment" */;
			compatibilityVersion = "Xcode 9.3";
			developmentRegion = en;
			hasScannedForEncodings = 0;
			knownRegions = (
				en,
				Base,
			);
			mainGroup = F3392F5C2529821E0005ECDF;
			productRefGroup = F3392F662529821E0005ECDF /* Products */;
			projectDirPath = "";
			projectRoot = "";
			targets = (
				F3392F642529821E0005ECDF /* NeuroDegenerativeCognitiveAssessment */,
			);
		};
/* End PBXProject section */

/* Begin PBXResourcesBuildPhase section */
		F3392F632529821E0005ECDF /* Resources */ = {
			isa = PBXResourcesBuildPhase;
			buildActionMask = 2147483647;
			files = (
				F3392F78252982230005ECDF /* LaunchScreen.storyboard in Resources */,
				F3392F75252982230005ECDF /* Assets.xcassets in Resources */,
				F3392F702529821E0005ECDF /* Main.storyboard in Resources */,
				F34A912D252DD91A00FE71DB /* Information.storyboard in Resources */,
				F34A9129252DD8C800FE71DB /* Home.storyboard in Resources */,
				F34A912B252DD90C00FE71DB /* Export.storyboard in Resources */,
				F34A9127252DD7F000FE71DB /* History.storyboard in Resources */,
				F3392F8F2529A8630005ECDF /* Profile.storyboard in Resources */,
			);
			runOnlyForDeploymentPostprocessing = 0;
		};
/* End PBXResourcesBuildPhase section */

/* Begin PBXSourcesBuildPhase section */
		F3392F612529821E0005ECDF /* Sources */ = {
			isa = PBXSourcesBuildPhase;
			buildActionMask = 2147483647;
			files = (
				F3392F8725299F610005ECDF /* SystemError.swift in Sources */,
				F3392F8225299AAB0005ECDF /* EntryPresenter.swift in Sources */,
				F3392F8425299ABB0005ECDF /* EntryViewIO.swift in Sources */,
				F3392F802529991A0005ECDF /* EntryViewController.swift in Sources */,
				F3392F692529821E0005ECDF /* AppDelegate.swift in Sources */,
				F3392F6B2529821E0005ECDF /* SceneDelegate.swift in Sources */,
				F328E0D4252E0E6C002F3D42 /* ProfileViewController.swift in Sources */,
				F328E0D8252E0E93002F3D42 /* ProfileViewIO.swift in Sources */,
				F3392F8B2529A1F70005ECDF /* User.swift in Sources */,
				F328E0D6252E0E82002F3D42 /* ProfilePresenter.swift in Sources */,
				F3392F732529821E0005ECDF /* NeuroDegenerativeCognitiveAssessment.xcdatamodeld in Sources */,
			);
			runOnlyForDeploymentPostprocessing = 0;
		};
/* End PBXSourcesBuildPhase section */

/* Begin PBXVariantGroup section */
		F3392F6E2529821E0005ECDF /* Main.storyboard */ = {
			isa = PBXVariantGroup;
			children = (
				F3392F6F2529821E0005ECDF /* Base */,
			);
			name = Main.storyboard;
			sourceTree = "<group>";
		};
		F3392F76252982230005ECDF /* LaunchScreen.storyboard */ = {
			isa = PBXVariantGroup;
			children = (
				F3392F77252982230005ECDF /* Base */,
			);
			name = LaunchScreen.storyboard;
			sourceTree = "<group>";
		};
/* End PBXVariantGroup section */

/* Begin XCBuildConfiguration section */
		F3392F7A252982230005ECDF /* Debug */ = {
			isa = XCBuildConfiguration;
			buildSettings = {
				ALWAYS_SEARCH_USER_PATHS = NO;
				CLANG_ANALYZER_NONNULL = YES;
				CLANG_ANALYZER_NUMBER_OBJECT_CONVERSION = YES_AGGRESSIVE;
				CLANG_CXX_LANGUAGE_STANDARD = "gnu++14";
				CLANG_CXX_LIBRARY = "libc++";
				CLANG_ENABLE_MODULES = YES;
				CLANG_ENABLE_OBJC_ARC = YES;
				CLANG_ENABLE_OBJC_WEAK = YES;
				CLANG_WARN_BLOCK_CAPTURE_AUTORELEASING = YES;
				CLANG_WARN_BOOL_CONVERSION = YES;
				CLANG_WARN_COMMA = YES;
				CLANG_WARN_CONSTANT_CONVERSION = YES;
				CLANG_WARN_DEPRECATED_OBJC_IMPLEMENTATIONS = YES;
				CLANG_WARN_DIRECT_OBJC_ISA_USAGE = YES_ERROR;
				CLANG_WARN_DOCUMENTATION_COMMENTS = YES;
				CLANG_WARN_EMPTY_BODY = YES;
				CLANG_WARN_ENUM_CONVERSION = YES;
				CLANG_WARN_INFINITE_RECURSION = YES;
				CLANG_WARN_INT_CONVERSION = YES;
				CLANG_WARN_NON_LITERAL_NULL_CONVERSION = YES;
				CLANG_WARN_OBJC_IMPLICIT_RETAIN_SELF = YES;
				CLANG_WARN_OBJC_LITERAL_CONVERSION = YES;
				CLANG_WARN_OBJC_ROOT_CLASS = YES_ERROR;
				CLANG_WARN_RANGE_LOOP_ANALYSIS = YES;
				CLANG_WARN_STRICT_PROTOTYPES = YES;
				CLANG_WARN_SUSPICIOUS_MOVE = YES;
				CLANG_WARN_UNGUARDED_AVAILABILITY = YES_AGGRESSIVE;
				CLANG_WARN_UNREACHABLE_CODE = YES;
				CLANG_WARN__DUPLICATE_METHOD_MATCH = YES;
				COPY_PHASE_STRIP = NO;
				DEBUG_INFORMATION_FORMAT = dwarf;
				ENABLE_STRICT_OBJC_MSGSEND = YES;
				ENABLE_TESTABILITY = YES;
				GCC_C_LANGUAGE_STANDARD = gnu11;
				GCC_DYNAMIC_NO_PIC = NO;
				GCC_NO_COMMON_BLOCKS = YES;
				GCC_OPTIMIZATION_LEVEL = 0;
				GCC_PREPROCESSOR_DEFINITIONS = (
					"DEBUG=1",
					"$(inherited)",
				);
				GCC_WARN_64_TO_32_BIT_CONVERSION = YES;
				GCC_WARN_ABOUT_RETURN_TYPE = YES_ERROR;
				GCC_WARN_UNDECLARED_SELECTOR = YES;
				GCC_WARN_UNINITIALIZED_AUTOS = YES_AGGRESSIVE;
				GCC_WARN_UNUSED_FUNCTION = YES;
				GCC_WARN_UNUSED_VARIABLE = YES;
				IPHONEOS_DEPLOYMENT_TARGET = 13.2;
				MTL_ENABLE_DEBUG_INFO = INCLUDE_SOURCE;
				MTL_FAST_MATH = YES;
				ONLY_ACTIVE_ARCH = YES;
				SDKROOT = iphoneos;
				SWIFT_ACTIVE_COMPILATION_CONDITIONS = DEBUG;
				SWIFT_OPTIMIZATION_LEVEL = "-Onone";
			};
			name = Debug;
		};
		F3392F7B252982230005ECDF /* Release */ = {
			isa = XCBuildConfiguration;
			buildSettings = {
				ALWAYS_SEARCH_USER_PATHS = NO;
				CLANG_ANALYZER_NONNULL = YES;
				CLANG_ANALYZER_NUMBER_OBJECT_CONVERSION = YES_AGGRESSIVE;
				CLANG_CXX_LANGUAGE_STANDARD = "gnu++14";
				CLANG_CXX_LIBRARY = "libc++";
				CLANG_ENABLE_MODULES = YES;
				CLANG_ENABLE_OBJC_ARC = YES;
				CLANG_ENABLE_OBJC_WEAK = YES;
				CLANG_WARN_BLOCK_CAPTURE_AUTORELEASING = YES;
				CLANG_WARN_BOOL_CONVERSION = YES;
				CLANG_WARN_COMMA = YES;
				CLANG_WARN_CONSTANT_CONVERSION = YES;
				CLANG_WARN_DEPRECATED_OBJC_IMPLEMENTATIONS = YES;
				CLANG_WARN_DIRECT_OBJC_ISA_USAGE = YES_ERROR;
				CLANG_WARN_DOCUMENTATION_COMMENTS = YES;
				CLANG_WARN_EMPTY_BODY = YES;
				CLANG_WARN_ENUM_CONVERSION = YES;
				CLANG_WARN_INFINITE_RECURSION = YES;
				CLANG_WARN_INT_CONVERSION = YES;
				CLANG_WARN_NON_LITERAL_NULL_CONVERSION = YES;
				CLANG_WARN_OBJC_IMPLICIT_RETAIN_SELF = YES;
				CLANG_WARN_OBJC_LITERAL_CONVERSION = YES;
				CLANG_WARN_OBJC_ROOT_CLASS = YES_ERROR;
				CLANG_WARN_RANGE_LOOP_ANALYSIS = YES;
				CLANG_WARN_STRICT_PROTOTYPES = YES;
				CLANG_WARN_SUSPICIOUS_MOVE = YES;
				CLANG_WARN_UNGUARDED_AVAILABILITY = YES_AGGRESSIVE;
				CLANG_WARN_UNREACHABLE_CODE = YES;
				CLANG_WARN__DUPLICATE_METHOD_MATCH = YES;
				COPY_PHASE_STRIP = NO;
				DEBUG_INFORMATION_FORMAT = "dwarf-with-dsym";
				ENABLE_NS_ASSERTIONS = NO;
				ENABLE_STRICT_OBJC_MSGSEND = YES;
				GCC_C_LANGUAGE_STANDARD = gnu11;
				GCC_NO_COMMON_BLOCKS = YES;
				GCC_WARN_64_TO_32_BIT_CONVERSION = YES;
				GCC_WARN_ABOUT_RETURN_TYPE = YES_ERROR;
				GCC_WARN_UNDECLARED_SELECTOR = YES;
				GCC_WARN_UNINITIALIZED_AUTOS = YES_AGGRESSIVE;
				GCC_WARN_UNUSED_FUNCTION = YES;
				GCC_WARN_UNUSED_VARIABLE = YES;
				IPHONEOS_DEPLOYMENT_TARGET = 13.2;
				MTL_ENABLE_DEBUG_INFO = NO;
				MTL_FAST_MATH = YES;
				SDKROOT = iphoneos;
				SWIFT_COMPILATION_MODE = wholemodule;
				SWIFT_OPTIMIZATION_LEVEL = "-O";
				VALIDATE_PRODUCT = YES;
			};
			name = Release;
		};
		F3392F7D252982230005ECDF /* Debug */ = {
			isa = XCBuildConfiguration;
			buildSettings = {
				ASSETCATALOG_COMPILER_APPICON_NAME = AppIcon;
				CODE_SIGN_STYLE = Automatic;
				INFOPLIST_FILE = NeuroDegenerativeCognitiveAssessment/Info.plist;
				LD_RUNPATH_SEARCH_PATHS = (
					"$(inherited)",
					"@executable_path/Frameworks",
				);
				PRODUCT_BUNDLE_IDENTIFIER = com.Milena.NeuroDegenerativeCognitiveAssessment;
				PRODUCT_NAME = "$(TARGET_NAME)";
				SWIFT_VERSION = 5.0;
				TARGETED_DEVICE_FAMILY = "1,2";
			};
			name = Debug;
		};
		F3392F7E252982230005ECDF /* Release */ = {
			isa = XCBuildConfiguration;
			buildSettings = {
				ASSETCATALOG_COMPILER_APPICON_NAME = AppIcon;
				CODE_SIGN_STYLE = Automatic;
				INFOPLIST_FILE = NeuroDegenerativeCognitiveAssessment/Info.plist;
				LD_RUNPATH_SEARCH_PATHS = (
					"$(inherited)",
					"@executable_path/Frameworks",
				);
				PRODUCT_BUNDLE_IDENTIFIER = com.Milena.NeuroDegenerativeCognitiveAssessment;
				PRODUCT_NAME = "$(TARGET_NAME)";
				SWIFT_VERSION = 5.0;
				TARGETED_DEVICE_FAMILY = "1,2";
			};
			name = Release;
		};
/* End XCBuildConfiguration section */

/* Begin XCConfigurationList section */
		F3392F602529821E0005ECDF /* Build configuration list for PBXProject "NeuroDegenerativeCognitiveAssessment" */ = {
			isa = XCConfigurationList;
			buildConfigurations = (
				F3392F7A252982230005ECDF /* Debug */,
				F3392F7B252982230005ECDF /* Release */,
			);
			defaultConfigurationIsVisible = 0;
			defaultConfigurationName = Release;
		};
		F3392F7C252982230005ECDF /* Build configuration list for PBXNativeTarget "NeuroDegenerativeCognitiveAssessment" */ = {
			isa = XCConfigurationList;
			buildConfigurations = (
				F3392F7D252982230005ECDF /* Debug */,
				F3392F7E252982230005ECDF /* Release */,
			);
			defaultConfigurationIsVisible = 0;
			defaultConfigurationName = Release;
		};
/* End XCConfigurationList section */

/* Begin XCVersionGroup section */
		F3392F712529821E0005ECDF /* NeuroDegenerativeCognitiveAssessment.xcdatamodeld */ = {
			isa = XCVersionGroup;
			children = (
				F3392F722529821E0005ECDF /* NeuroDegenerativeCognitiveAssessment.xcdatamodel */,
			);
			currentVersion = F3392F722529821E0005ECDF /* NeuroDegenerativeCognitiveAssessment.xcdatamodel */;
			path = NeuroDegenerativeCognitiveAssessment.xcdatamodeld;
			sourceTree = "<group>";
			versionGroupType = wrapper.xcdatamodel;
		};
/* End XCVersionGroup section */
	};
	rootObject = F3392F5D2529821E0005ECDF /* Project object */;
}
